
Microsoft Visual Studio Solution File, Format Version 12.00
# Visual Studio 15
VisualStudioVersion = 15.0.27703.2047
MinimumVisualStudioVersion = 10.0.40219.1
Project("{FAE04EC0-301F-11D3-BF4B-00C04F79EFBC}") = "Fie.Android", "Fie\Fie.Android\Fie.Android.csproj", "{9024BE16-0B4F-4220-BCEE-D048E59A8EA8}"
EndProject
Project("{FAE04EC0-301F-11D3-BF4B-00C04F79EFBC}") = "Fie.iOS", "Fie\Fie.iOS\Fie.iOS.csproj", "{57B67961-0E04-4DBA-B827-4472D97249E9}"
EndProject
Project("{9A19103F-16F7-4668-BE54-9A1E7A4F7556}") = "Fie", "Fie\Fie\Fie.csproj", "{165A4CFA-9E00-44EB-B79B-4DE2213CD456}"
	ProjectSection(ProjectDependencies) = postProject
		{B7C5AE51-102B-4738-9D96-673EE9C4CA46} = {B7C5AE51-102B-4738-9D96-673EE9C4CA46}
		{2D9C2C65-5869-49B6-A66F-FC732FCCA246} = {2D9C2C65-5869-49B6-A66F-FC732FCCA246}
	EndProjectSection
EndProject
Project("{9A19103F-16F7-4668-BE54-9A1E7A4F7556}") = "Config", "Config\Config.csproj", "{B7C5AE51-102B-4738-9D96-673EE9C4CA46}"
EndProject
Project("{9A19103F-16F7-4668-BE54-9A1E7A4F7556}") = "API", "API\API.csproj", "{2D9C2C65-5869-49B6-A66F-FC732FCCA246}"
EndProject
Project("{FAE04EC0-301F-11D3-BF4B-00C04F79EFBC}") = "Logging", "Logging\Logging.csproj", "{DC492CD3-F82F-4B14-9AB3-1D6E64670D1B}"
EndProject
Global
	GlobalSection(SolutionConfigurationPlatforms) = preSolution
		Ad-Hoc|Any CPU = Ad-Hoc|Any CPU
		Ad-Hoc|iPhone = Ad-Hoc|iPhone
		Ad-Hoc|iPhoneSimulator = Ad-Hoc|iPhoneSimulator
		AppStore|Any CPU = AppStore|Any CPU
		AppStore|iPhone = AppStore|iPhone
		AppStore|iPhoneSimulator = AppStore|iPhoneSimulator
		Debug|Any CPU = Debug|Any CPU
		Debug|iPhone = Debug|iPhone
		Debug|iPhoneSimulator = Debug|iPhoneSimulator
		Release|Any CPU = Release|Any CPU
		Release|iPhone = Release|iPhone
		Release|iPhoneSimulator = Release|iPhoneSimulator
	EndGlobalSection
	GlobalSection(ProjectConfigurationPlatforms) = postSolution
		{9024BE16-0B4F-4220-BCEE-D048E59A8EA8}.Ad-Hoc|Any CPU.ActiveCfg = Release|Any CPU
		{9024BE16-0B4F-4220-BCEE-D048E59A8EA8}.Ad-Hoc|Any CPU.Build.0 = Release|Any CPU
		{9024BE16-0B4F-4220-BCEE-D048E59A8EA8}.Ad-Hoc|Any CPU.Deploy.0 = Release|Any CPU
		{9024BE16-0B4F-4220-BCEE-D048E59A8EA8}.Ad-Hoc|iPhone.ActiveCfg = Release|Any CPU
		{9024BE16-0B4F-4220-BCEE-D048E59A8EA8}.Ad-Hoc|iPhone.Build.0 = Release|Any CPU
		{9024BE16-0B4F-4220-BCEE-D048E59A8EA8}.Ad-Hoc|iPhone.Deploy.0 = Release|Any CPU
		{9024BE16-0B4F-4220-BCEE-D048E59A8EA8}.Ad-Hoc|iPhoneSimulator.ActiveCfg = Release|Any CPU
		{9024BE16-0B4F-4220-BCEE-D048E59A8EA8}.Ad-Hoc|iPhoneSimulator.Build.0 = Release|Any CPU
		{9024BE16-0B4F-4220-BCEE-D048E59A8EA8}.Ad-Hoc|iPhoneSimulator.Deploy.0 = Release|Any CPU
		{9024BE16-0B4F-4220-BCEE-D048E59A8EA8}.AppStore|Any CPU.ActiveCfg = Release|Any CPU
		{9024BE16-0B4F-4220-BCEE-D048E59A8EA8}.AppStore|Any CPU.Build.0 = Release|Any CPU
		{9024BE16-0B4F-4220-BCEE-D048E59A8EA8}.AppStore|Any CPU.Deploy.0 = Release|Any CPU
		{9024BE16-0B4F-4220-BCEE-D048E59A8EA8}.AppStore|iPhone.ActiveCfg = Release|Any CPU
		{9024BE16-0B4F-4220-BCEE-D048E59A8EA8}.AppStore|iPhone.Build.0 = Release|Any CPU
		{9024BE16-0B4F-4220-BCEE-D048E59A8EA8}.AppStore|iPhone.Deploy.0 = Release|Any CPU
		{9024BE16-0B4F-4220-BCEE-D048E59A8EA8}.AppStore|iPhoneSimulator.ActiveCfg = Release|Any CPU
		{9024BE16-0B4F-4220-BCEE-D048E59A8EA8}.AppStore|iPhoneSimulator.Build.0 = Release|Any CPU
		{9024BE16-0B4F-4220-BCEE-D048E59A8EA8}.AppStore|iPhoneSimulator.Deploy.0 = Release|Any CPU
		{9024BE16-0B4F-4220-BCEE-D048E59A8EA8}.Debug|Any CPU.ActiveCfg = Debug|Any CPU
		{9024BE16-0B4F-4220-BCEE-D048E59A8EA8}.Debug|Any CPU.Build.0 = Debug|Any CPU
		{9024BE16-0B4F-4220-BCEE-D048E59A8EA8}.Debug|Any CPU.Deploy.0 = Debug|Any CPU
		{9024BE16-0B4F-4220-BCEE-D048E59A8EA8}.Debug|iPhone.ActiveCfg = Debug|Any CPU
		{9024BE16-0B4F-4220-BCEE-D048E59A8EA8}.Debug|iPhone.Build.0 = Debug|Any CPU
		{9024BE16-0B4F-4220-BCEE-D048E59A8EA8}.Debug|iPhone.Deploy.0 = Debug|Any CPU
		{9024BE16-0B4F-4220-BCEE-D048E59A8EA8}.Debug|iPhoneSimulator.ActiveCfg = Debug|Any CPU
		{9024BE16-0B4F-4220-BCEE-D048E59A8EA8}.Debug|iPhoneSimulator.Build.0 = Debug|Any CPU
		{9024BE16-0B4F-4220-BCEE-D048E59A8EA8}.Debug|iPhoneSimulator.Deploy.0 = Debug|Any CPU
		{9024BE16-0B4F-4220-BCEE-D048E59A8EA8}.Release|Any CPU.ActiveCfg = Release|Any CPU
		{9024BE16-0B4F-4220-BCEE-D048E59A8EA8}.Release|Any CPU.Build.0 = Release|Any CPU
		{9024BE16-0B4F-4220-BCEE-D048E59A8EA8}.Release|Any CPU.Deploy.0 = Release|Any CPU
		{9024BE16-0B4F-4220-BCEE-D048E59A8EA8}.Release|iPhone.ActiveCfg = Release|Any CPU
		{9024BE16-0B4F-4220-BCEE-D048E59A8EA8}.Release|iPhone.Build.0 = Release|Any CPU
		{9024BE16-0B4F-4220-BCEE-D048E59A8EA8}.Release|iPhone.Deploy.0 = Release|Any CPU
		{9024BE16-0B4F-4220-BCEE-D048E59A8EA8}.Release|iPhoneSimulator.ActiveCfg = Release|Any CPU
		{9024BE16-0B4F-4220-BCEE-D048E59A8EA8}.Release|iPhoneSimulator.Build.0 = Release|Any CPU
		{9024BE16-0B4F-4220-BCEE-D048E59A8EA8}.Release|iPhoneSimulator.Deploy.0 = Release|Any CPU
		{57B67961-0E04-4DBA-B827-4472D97249E9}.Ad-Hoc|Any CPU.ActiveCfg = Ad-Hoc|iPhone
		{57B67961-0E04-4DBA-B827-4472D97249E9}.Ad-Hoc|Any CPU.Build.0 = Ad-Hoc|iPhone
		{57B67961-0E04-4DBA-B827-4472D97249E9}.Ad-Hoc|Any CPU.Deploy.0 = Ad-Hoc|iPhone
		{57B67961-0E04-4DBA-B827-4472D97249E9}.Ad-Hoc|iPhone.ActiveCfg = Ad-Hoc|iPhone
		{57B67961-0E04-4DBA-B827-4472D97249E9}.Ad-Hoc|iPhone.Build.0 = Ad-Hoc|iPhone
		{57B67961-0E04-4DBA-B827-4472D97249E9}.Ad-Hoc|iPhone.Deploy.0 = Ad-Hoc|iPhone
		{57B67961-0E04-4DBA-B827-4472D97249E9}.Ad-Hoc|iPhoneSimulator.ActiveCfg = Ad-Hoc|iPhoneSimulator
		{57B67961-0E04-4DBA-B827-4472D97249E9}.Ad-Hoc|iPhoneSimulator.Build.0 = Ad-Hoc|iPhoneSimulator
		{57B67961-0E04-4DBA-B827-4472D97249E9}.Ad-Hoc|iPhoneSimulator.Deploy.0 = Ad-Hoc|iPhoneSimulator
		{57B67961-0E04-4DBA-B827-4472D97249E9}.AppStore|Any CPU.ActiveCfg = AppStore|iPhone
		{57B67961-0E04-4DBA-B827-4472D97249E9}.AppStore|Any CPU.Build.0 = AppStore|iPhone
		{57B67961-0E04-4DBA-B827-4472D97249E9}.AppStore|Any CPU.Deploy.0 = AppStore|iPhone
		{57B67961-0E04-4DBA-B827-4472D97249E9}.AppStore|iPhone.ActiveCfg = AppStore|iPhone
		{57B67961-0E04-4DBA-B827-4472D97249E9}.AppStore|iPhone.Build.0 = AppStore|iPhone
		{57B67961-0E04-4DBA-B827-4472D97249E9}.AppStore|iPhone.Deploy.0 = AppStore|iPhone
		{57B67961-0E04-4DBA-B827-4472D97249E9}.AppStore|iPhoneSimulator.ActiveCfg = AppStore|iPhoneSimulator
		{57B67961-0E04-4DBA-B827-4472D97249E9}.AppStore|iPhoneSimulator.Build.0 = AppStore|iPhoneSimulator
		{57B67961-0E04-4DBA-B827-4472D97249E9}.AppStore|iPhoneSimulator.Deploy.0 = AppStore|iPhoneSimulator
		{57B67961-0E04-4DBA-B827-4472D97249E9}.Debug|Any CPU.ActiveCfg = Debug|iPhoneSimulator
		{57B67961-0E04-4DBA-B827-4472D97249E9}.Debug|Any CPU.Build.0 = Debug|iPhoneSimulator
		{57B67961-0E04-4DBA-B827-4472D97249E9}.Debug|Any CPU.Deploy.0 = Debug|iPhoneSimulator
		{57B67961-0E04-4DBA-B827-4472D97249E9}.Debug|iPhone.ActiveCfg = Debug|iPhone
		{57B67961-0E04-4DBA-B827-4472D97249E9}.Debug|iPhone.Build.0 = Debug|iPhone
		{57B67961-0E04-4DBA-B827-4472D97249E9}.Debug|iPhone.Deploy.0 = Debug|iPhone
		{57B67961-0E04-4DBA-B827-4472D97249E9}.Debug|iPhoneSimulator.ActiveCfg = Debug|iPhoneSimulator
		{57B67961-0E04-4DBA-B827-4472D97249E9}.Debug|iPhoneSimulator.Build.0 = Debug|iPhoneSimulator
		{57B67961-0E04-4DBA-B827-4472D97249E9}.Debug|iPhoneSimulator.Deploy.0 = Debug|iPhoneSimulator
		{57B67961-0E04-4DBA-B827-4472D97249E9}.Release|Any CPU.ActiveCfg = Release|iPhone
		{57B67961-0E04-4DBA-B827-4472D97249E9}.Release|Any CPU.Build.0 = Release|iPhone
		{57B67961-0E04-4DBA-B827-4472D97249E9}.Release|Any CPU.Deploy.0 = Release|iPhone
		{57B67961-0E04-4DBA-B827-4472D97249E9}.Release|iPhone.ActiveCfg = Release|iPhone
		{57B67961-0E04-4DBA-B827-4472D97249E9}.Release|iPhone.Build.0 = Release|iPhone
		{57B67961-0E04-4DBA-B827-4472D97249E9}.Release|iPhone.Deploy.0 = Release|iPhone
		{57B67961-0E04-4DBA-B827-4472D97249E9}.Release|iPhoneSimulator.ActiveCfg = Release|iPhoneSimulator
		{57B67961-0E04-4DBA-B827-4472D97249E9}.Release|iPhoneSimulator.Build.0 = Release|iPhoneSimulator
		{57B67961-0E04-4DBA-B827-4472D97249E9}.Release|iPhoneSimulator.Deploy.0 = Release|iPhoneSimulator
		{165A4CFA-9E00-44EB-B79B-4DE2213CD456}.Ad-Hoc|Any CPU.ActiveCfg = Debug|Any CPU
		{165A4CFA-9E00-44EB-B79B-4DE2213CD456}.Ad-Hoc|Any CPU.Build.0 = Debug|Any CPU
		{165A4CFA-9E00-44EB-B79B-4DE2213CD456}.Ad-Hoc|Any CPU.Deploy.0 = Debug|Any CPU
		{165A4CFA-9E00-44EB-B79B-4DE2213CD456}.Ad-Hoc|iPhone.ActiveCfg = Debug|Any CPU
		{165A4CFA-9E00-44EB-B79B-4DE2213CD456}.Ad-Hoc|iPhone.Build.0 = Debug|Any CPU
		{165A4CFA-9E00-44EB-B79B-4DE2213CD456}.Ad-Hoc|iPhone.Deploy.0 = Debug|Any CPU
		{165A4CFA-9E00-44EB-B79B-4DE2213CD456}.Ad-Hoc|iPhoneSimulator.ActiveCfg = Debug|Any CPU
		{165A4CFA-9E00-44EB-B79B-4DE2213CD456}.Ad-Hoc|iPhoneSimulator.Build.0 = Debug|Any CPU
		{165A4CFA-9E00-44EB-B79B-4DE2213CD456}.Ad-Hoc|iPhoneSimulator.Deploy.0 = Debug|Any CPU
		{165A4CFA-9E00-44EB-B79B-4DE2213CD456}.AppStore|Any CPU.ActiveCfg = Debug|Any CPU
		{165A4CFA-9E00-44EB-B79B-4DE2213CD456}.AppStore|Any CPU.Build.0 = Debug|Any CPU
		{165A4CFA-9E00-44EB-B79B-4DE2213CD456}.AppStore|Any CPU.Deploy.0 = Debug|Any CPU
		{165A4CFA-9E00-44EB-B79B-4DE2213CD456}.AppStore|iPhone.ActiveCfg = Debug|Any CPU
		{165A4CFA-9E00-44EB-B79B-4DE2213CD456}.AppStore|iPhone.Build.0 = Debug|Any CPU
		{165A4CFA-9E00-44EB-B79B-4DE2213CD456}.AppStore|iPhone.Deploy.0 = Debug|Any CPU
		{165A4CFA-9E00-44EB-B79B-4DE2213CD456}.AppStore|iPhoneSimulator.ActiveCfg = Debug|Any CPU
		{165A4CFA-9E00-44EB-B79B-4DE2213CD456}.AppStore|iPhoneSimulator.Build.0 = Debug|Any CPU
		{165A4CFA-9E00-44EB-B79B-4DE2213CD456}.AppStore|iPhoneSimulator.Deploy.0 = Debug|Any CPU
		{165A4CFA-9E00-44EB-B79B-4DE2213CD456}.Debug|Any CPU.ActiveCfg = Debug|Any CPU
		{165A4CFA-9E00-44EB-B79B-4DE2213CD456}.Debug|Any CPU.Build.0 = Debug|Any CPU
		{165A4CFA-9E00-44EB-B79B-4DE2213CD456}.Debug|Any CPU.Deploy.0 = Debug|Any CPU
		{165A4CFA-9E00-44EB-B79B-4DE2213CD456}.Debug|iPhone.ActiveCfg = Debug|Any CPU
		{165A4CFA-9E00-44EB-B79B-4DE2213CD456}.Debug|iPhone.Build.0 = Debug|Any CPU
		{165A4CFA-9E00-44EB-B79B-4DE2213CD456}.Debug|iPhone.Deploy.0 = Debug|Any CPU
		{165A4CFA-9E00-44EB-B79B-4DE2213CD456}.Debug|iPhoneSimulator.ActiveCfg = Debug|Any CPU
		{165A4CFA-9E00-44EB-B79B-4DE2213CD456}.Debug|iPhoneSimulator.Build.0 = Debug|Any CPU
		{165A4CFA-9E00-44EB-B79B-4DE2213CD456}.Debug|iPhoneSimulator.Deploy.0 = Debug|Any CPU
		{165A4CFA-9E00-44EB-B79B-4DE2213CD456}.Release|Any CPU.ActiveCfg = Release|Any CPU
		{165A4CFA-9E00-44EB-B79B-4DE2213CD456}.Release|Any CPU.Build.0 = Release|Any CPU
		{165A4CFA-9E00-44EB-B79B-4DE2213CD456}.Release|Any CPU.Deploy.0 = Release|Any CPU
		{165A4CFA-9E00-44EB-B79B-4DE2213CD456}.Release|iPhone.ActiveCfg = Release|Any CPU
		{165A4CFA-9E00-44EB-B79B-4DE2213CD456}.Release|iPhone.Build.0 = Release|Any CPU
		{165A4CFA-9E00-44EB-B79B-4DE2213CD456}.Release|iPhone.Deploy.0 = Release|Any CPU
		{165A4CFA-9E00-44EB-B79B-4DE2213CD456}.Release|iPhoneSimulator.ActiveCfg = Release|Any CPU
		{165A4CFA-9E00-44EB-B79B-4DE2213CD456}.Release|iPhoneSimulator.Build.0 = Release|Any CPU
		{165A4CFA-9E00-44EB-B79B-4DE2213CD456}.Release|iPhoneSimulator.Deploy.0 = Release|Any CPU
		{B7C5AE51-102B-4738-9D96-673EE9C4CA46}.Ad-Hoc|Any CPU.ActiveCfg = Debug|Any CPU
		{B7C5AE51-102B-4738-9D96-673EE9C4CA46}.Ad-Hoc|Any CPU.Build.0 = Debug|Any CPU
		{B7C5AE51-102B-4738-9D96-673EE9C4CA46}.Ad-Hoc|iPhone.ActiveCfg = Debug|Any CPU
		{B7C5AE51-102B-4738-9D96-673EE9C4CA46}.Ad-Hoc|iPhone.Build.0 = Debug|Any CPU
		{B7C5AE51-102B-4738-9D96-673EE9C4CA46}.Ad-Hoc|iPhoneSimulator.ActiveCfg = Debug|Any CPU
		{B7C5AE51-102B-4738-9D96-673EE9C4CA46}.Ad-Hoc|iPhoneSimulator.Build.0 = Debug|Any CPU
		{B7C5AE51-102B-4738-9D96-673EE9C4CA46}.AppStore|Any CPU.ActiveCfg = Debug|Any CPU
		{B7C5AE51-102B-4738-9D96-673EE9C4CA46}.AppStore|Any CPU.Build.0 = Debug|Any CPU
		{B7C5AE51-102B-4738-9D96-673EE9C4CA46}.AppStore|iPhone.ActiveCfg = Debug|Any CPU
		{B7C5AE51-102B-4738-9D96-673EE9C4CA46}.AppStore|iPhone.Build.0 = Debug|Any CPU
		{B7C5AE51-102B-4738-9D96-673EE9C4CA46}.AppStore|iPhoneSimulator.ActiveCfg = Debug|Any CPU
		{B7C5AE51-102B-4738-9D96-673EE9C4CA46}.AppStore|iPhoneSimulator.Build.0 = Debug|Any CPU
		{B7C5AE51-102B-4738-9D96-673EE9C4CA46}.Debug|Any CPU.ActiveCfg = Debug|Any CPU
		{B7C5AE51-102B-4738-9D96-673EE9C4CA46}.Debug|Any CPU.Build.0 = Debug|Any CPU
		{B7C5AE51-102B-4738-9D96-673EE9C4CA46}.Debug|iPhone.ActiveCfg = Debug|Any CPU
		{B7C5AE51-102B-4738-9D96-673EE9C4CA46}.Debug|iPhone.Build.0 = Debug|Any CPU
		{B7C5AE51-102B-4738-9D96-673EE9C4CA46}.Debug|iPhoneSimulator.ActiveCfg = Debug|Any CPU
		{B7C5AE51-102B-4738-9D96-673EE9C4CA46}.Debug|iPhoneSimulator.Build.0 = Debug|Any CPU
		{B7C5AE51-102B-4738-9D96-673EE9C4CA46}.Release|Any CPU.ActiveCfg = Release|Any CPU
		{B7C5AE51-102B-4738-9D96-673EE9C4CA46}.Release|Any CPU.Build.0 = Release|Any CPU
		{B7C5AE51-102B-4738-9D96-673EE9C4CA46}.Release|iPhone.ActiveCfg = Release|Any CPU
		{B7C5AE51-102B-4738-9D96-673EE9C4CA46}.Release|iPhone.Build.0 = Release|Any CPU
		{B7C5AE51-102B-4738-9D96-673EE9C4CA46}.Release|iPhoneSimulator.ActiveCfg = Release|Any CPU
		{B7C5AE51-102B-4738-9D96-673EE9C4CA46}.Release|iPhoneSimulator.Build.0 = Release|Any CPU
		{2D9C2C65-5869-49B6-A66F-FC732FCCA246}.Ad-Hoc|Any CPU.ActiveCfg = Debug|Any CPU
		{2D9C2C65-5869-49B6-A66F-FC732FCCA246}.Ad-Hoc|Any CPU.Build.0 = Debug|Any CPU
		{2D9C2C65-5869-49B6-A66F-FC732FCCA246}.Ad-Hoc|iPhone.ActiveCfg = Debug|Any CPU
		{2D9C2C65-5869-49B6-A66F-FC732FCCA246}.Ad-Hoc|iPhone.Build.0 = Debug|Any CPU
		{2D9C2C65-5869-49B6-A66F-FC732FCCA246}.Ad-Hoc|iPhoneSimulator.ActiveCfg = Debug|Any CPU
		{2D9C2C65-5869-49B6-A66F-FC732FCCA246}.Ad-Hoc|iPhoneSimulator.Build.0 = Debug|Any CPU
		{2D9C2C65-5869-49B6-A66F-FC732FCCA246}.AppStore|Any CPU.ActiveCfg = Debug|Any CPU
		{2D9C2C65-5869-49B6-A66F-FC732FCCA246}.AppStore|Any CPU.Build.0 = Debug|Any CPU
		{2D9C2C65-5869-49B6-A66F-FC732FCCA246}.AppStore|iPhone.ActiveCfg = Debug|Any CPU
		{2D9C2C65-5869-49B6-A66F-FC732FCCA246}.AppStore|iPhone.Build.0 = Debug|Any CPU
		{2D9C2C65-5869-49B6-A66F-FC732FCCA246}.AppStore|iPhoneSimulator.ActiveCfg = Debug|Any CPU
		{2D9C2C65-5869-49B6-A66F-FC732FCCA246}.AppStore|iPhoneSimulator.Build.0 = Debug|Any CPU
		{2D9C2C65-5869-49B6-A66F-FC732FCCA246}.Debug|Any CPU.ActiveCfg = Debug|Any CPU
		{2D9C2C65-5869-49B6-A66F-FC732FCCA246}.Debug|Any CPU.Build.0 = Debug|Any CPU
		{2D9C2C65-5869-49B6-A66F-FC732FCCA246}.Debug|iPhone.ActiveCfg = Debug|Any CPU
		{2D9C2C65-5869-49B6-A66F-FC732FCCA246}.Debug|iPhone.Build.0 = Debug|Any CPU
		{2D9C2C65-5869-49B6-A66F-FC732FCCA246}.Debug|iPhoneSimulator.ActiveCfg = Debug|Any CPU
		{2D9C2C65-5869-49B6-A66F-FC732FCCA246}.Debug|iPhoneSimulator.Build.0 = Debug|Any CPU
		{2D9C2C65-5869-49B6-A66F-FC732FCCA246}.Release|Any CPU.ActiveCfg = Release|Any CPU
		{2D9C2C65-5869-49B6-A66F-FC732FCCA246}.Release|Any CPU.Build.0 = Release|Any CPU
		{2D9C2C65-5869-49B6-A66F-FC732FCCA246}.Release|iPhone.ActiveCfg = Release|Any CPU
		{2D9C2C65-5869-49B6-A66F-FC732FCCA246}.Release|iPhone.Build.0 = Release|Any CPU
		{2D9C2C65-5869-49B6-A66F-FC732FCCA246}.Release|iPhoneSimulator.ActiveCfg = Release|Any CPU
		{2D9C2C65-5869-49B6-A66F-FC732FCCA246}.Release|iPhoneSimulator.Build.0 = Release|Any CPU
		{DC492CD3-F82F-4B14-9AB3-1D6E64670D1B}.Ad-Hoc|Any CPU.ActiveCfg = Debug|Any CPU
		{DC492CD3-F82F-4B14-9AB3-1D6E64670D1B}.Ad-Hoc|Any CPU.Build.0 = Debug|Any CPU
		{DC492CD3-F82F-4B14-9AB3-1D6E64670D1B}.Ad-Hoc|iPhone.ActiveCfg = Debug|Any CPU
		{DC492CD3-F82F-4B14-9AB3-1D6E64670D1B}.Ad-Hoc|iPhone.Build.0 = Debug|Any CPU
		{DC492CD3-F82F-4B14-9AB3-1D6E64670D1B}.Ad-Hoc|iPhoneSimulator.ActiveCfg = Debug|Any CPU
		{DC492CD3-F82F-4B14-9AB3-1D6E64670D1B}.Ad-Hoc|iPhoneSimulator.Build.0 = Debug|Any CPU
		{DC492CD3-F82F-4B14-9AB3-1D6E64670D1B}.AppStore|Any CPU.ActiveCfg = Debug|Any CPU
		{DC492CD3-F82F-4B14-9AB3-1D6E64670D1B}.AppStore|Any CPU.Build.0 = Debug|Any CPU
		{DC492CD3-F82F-4B14-9AB3-1D6E64670D1B}.AppStore|iPhone.ActiveCfg = Debug|Any CPU
		{DC492CD3-F82F-4B14-9AB3-1D6E64670D1B}.AppStore|iPhone.Build.0 = Debug|Any CPU
		{DC492CD3-F82F-4B14-9AB3-1D6E64670D1B}.AppStore|iPhoneSimulator.ActiveCfg = Debug|Any CPU
		{DC492CD3-F82F-4B14-9AB3-1D6E64670D1B}.AppStore|iPhoneSimulator.Build.0 = Debug|Any CPU
		{DC492CD3-F82F-4B14-9AB3-1D6E64670D1B}.Debug|Any CPU.ActiveCfg = Debug|Any CPU
		{DC492CD3-F82F-4B14-9AB3-1D6E64670D1B}.Debug|Any CPU.Build.0 = Debug|Any CPU
		{DC492CD3-F82F-4B14-9AB3-1D6E64670D1B}.Debug|iPhone.ActiveCfg = Debug|Any CPU
		{DC492CD3-F82F-4B14-9AB3-1D6E64670D1B}.Debug|iPhone.Build.0 = Debug|Any CPU
		{DC492CD3-F82F-4B14-9AB3-1D6E64670D1B}.Debug|iPhoneSimulator.ActiveCfg = Debug|Any CPU
		{DC492CD3-F82F-4B14-9AB3-1D6E64670D1B}.Debug|iPhoneSimulator.Build.0 = Debug|Any CPU
		{DC492CD3-F82F-4B14-9AB3-1D6E64670D1B}.Release|Any CPU.ActiveCfg = Release|Any CPU
		{DC492CD3-F82F-4B14-9AB3-1D6E64670D1B}.Release|Any CPU.Build.0 = Release|Any CPU
		{DC492CD3-F82F-4B14-9AB3-1D6E64670D1B}.Release|iPhone.ActiveCfg = Release|Any CPU
		{DC492CD3-F82F-4B14-9AB3-1D6E64670D1B}.Release|iPhone.Build.0 = Release|Any CPU
		{DC492CD3-F82F-4B14-9AB3-1D6E64670D1B}.Release|iPhoneSimulator.ActiveCfg = Release|Any CPU
		{DC492CD3-F82F-4B14-9AB3-1D6E64670D1B}.Release|iPhoneSimulator.Build.0 = Release|Any CPU
	EndGlobalSection
	GlobalSection(SolutionProperties) = preSolution
		HideSolutionNode = FALSE
	EndGlobalSection
	GlobalSection(ExtensibilityGlobals) = postSolution
		SolutionGuid = {CD39FC89-DD62-42D5-A497-B5B92AD79941}
	EndGlobalSection
EndGlobal
